// !$*UTF8*$!
{
	archiveVersion = 1;
	classes = {
	};
	objectVersion = 51;
	objects = {

/* Begin PBXBuildFile section */
		5C87E56386FB4E0BB9C7E4E9 /* Pods_CoronaStats.framework in Frameworks */ = {isa = PBXBuildFile; fileRef = CC0A6B7C24C4225156F86CAD /* Pods_CoronaStats.framework */; };
		DE8202D7250A62FF008537B1 /* AppDelegate.swift in Sources */ = {isa = PBXBuildFile; fileRef = DE8202D6250A62FF008537B1 /* AppDelegate.swift */; };
		DE8202D9250A62FF008537B1 /* SceneDelegate.swift in Sources */ = {isa = PBXBuildFile; fileRef = DE8202D8250A62FF008537B1 /* SceneDelegate.swift */; };
		DE8202DC250A62FF008537B1 /* CoronaStats.xcdatamodeld in Sources */ = {isa = PBXBuildFile; fileRef = DE8202DA250A62FF008537B1 /* CoronaStats.xcdatamodeld */; };
		DE8202DE250A62FF008537B1 /* ContentView.swift in Sources */ = {isa = PBXBuildFile; fileRef = DE8202DD250A62FF008537B1 /* ContentView.swift */; };
		DE8202E0250A6303008537B1 /* Assets.xcassets in Resources */ = {isa = PBXBuildFile; fileRef = DE8202DF250A6303008537B1 /* Assets.xcassets */; };
		DE8202E3250A6303008537B1 /* Preview Assets.xcassets in Resources */ = {isa = PBXBuildFile; fileRef = DE8202E2250A6303008537B1 /* Preview Assets.xcassets */; };
		DE8202E6250A6303008537B1 /* LaunchScreen.storyboard in Resources */ = {isa = PBXBuildFile; fileRef = DE8202E4250A6303008537B1 /* LaunchScreen.storyboard */; };
		DE8202EE250A6E13008537B1 /* CovidFetchRequest.swift in Sources */ = {isa = PBXBuildFile; fileRef = DE8202ED250A6E13008537B1 /* CovidFetchRequest.swift */; };
		DE8202F0250A7B4F008537B1 /* Model.swift in Sources */ = {isa = PBXBuildFile; fileRef = DE8202EF250A7B4F008537B1 /* Model.swift */; };
		DE8202F9250B64B7008537B1 /* RecentView.swift in Sources */ = {isa = PBXBuildFile; fileRef = DE8202F8250B64B7008537B1 /* RecentView.swift */; };
		DE8202FB250B66E7008537B1 /* ListHeaderView.swift in Sources */ = {isa = PBXBuildFile; fileRef = DE8202FA250B66E7008537B1 /* ListHeaderView.swift */; };
		DE8202FD250B6980008537B1 /* CountryDataRowView.swift in Sources */ = {isa = PBXBuildFile; fileRef = DE8202FC250B6980008537B1 /* CountryDataRowView.swift */; };
/* End PBXBuildFile section */

/* Begin PBXFileReference section */
		05318338FD0DD20BE734B7EC /* Pods-CoronaStats.debug.xcconfig */ = {isa = PBXFileReference; includeInIndex = 1; lastKnownFileType = text.xcconfig; name = "Pods-CoronaStats.debug.xcconfig"; path = "Target Support Files/Pods-CoronaStats/Pods-CoronaStats.debug.xcconfig"; sourceTree = "<group>"; };
		729B5698237A41CB5FAB7DB1 /* Pods-CoronaStats.release.xcconfig */ = {isa = PBXFileReference; includeInIndex = 1; lastKnownFileType = text.xcconfig; name = "Pods-CoronaStats.release.xcconfig"; path = "Target Support Files/Pods-CoronaStats/Pods-CoronaStats.release.xcconfig"; sourceTree = "<group>"; };
		CC0A6B7C24C4225156F86CAD /* Pods_CoronaStats.framework */ = {isa = PBXFileReference; explicitFileType = wrapper.framework; includeInIndex = 0; path = Pods_CoronaStats.framework; sourceTree = BUILT_PRODUCTS_DIR; };
		DE8202D3250A62FF008537B1 /* CoronaStats.app */ = {isa = PBXFileReference; explicitFileType = wrapper.application; includeInIndex = 0; path = CoronaStats.app; sourceTree = BUILT_PRODUCTS_DIR; };
		DE8202D6250A62FF008537B1 /* AppDelegate.swift */ = {isa = PBXFileReference; lastKnownFileType = sourcecode.swift; path = AppDelegate.swift; sourceTree = "<group>"; };
		DE8202D8250A62FF008537B1 /* SceneDelegate.swift */ = {isa = PBXFileReference; lastKnownFileType = sourcecode.swift; path = SceneDelegate.swift; sourceTree = "<group>"; };
		DE8202DB250A62FF008537B1 /* CoronaStats.xcdatamodel */ = {isa = PBXFileReference; lastKnownFileType = wrapper.xcdatamodel; path = CoronaStats.xcdatamodel; sourceTree = "<group>"; };
		DE8202DD250A62FF008537B1 /* ContentView.swift */ = {isa = PBXFileReference; lastKnownFileType = sourcecode.swift; path = ContentView.swift; sourceTree = "<group>"; };
		DE8202DF250A6303008537B1 /* Assets.xcassets */ = {isa = PBXFileReference; lastKnownFileType = folder.assetcatalog; path = Assets.xcassets; sourceTree = "<group>"; };
		DE8202E2250A6303008537B1 /* Preview Assets.xcassets */ = {isa = PBXFileReference; lastKnownFileType = folder.assetcatalog; path = "Preview Assets.xcassets"; sourceTree = "<group>"; };
		DE8202E5250A6303008537B1 /* Base */ = {isa = PBXFileReference; lastKnownFileType = file.storyboard; name = Base; path = Base.lproj/LaunchScreen.storyboard; sourceTree = "<group>"; };
		DE8202E7250A6303008537B1 /* Info.plist */ = {isa = PBXFileReference; lastKnownFileType = text.plist.xml; path = Info.plist; sourceTree = "<group>"; };
		DE8202ED250A6E13008537B1 /* CovidFetchRequest.swift */ = {isa = PBXFileReference; lastKnownFileType = sourcecode.swift; path = CovidFetchRequest.swift; sourceTree = "<group>"; };
		DE8202EF250A7B4F008537B1 /* Model.swift */ = {isa = PBXFileReference; lastKnownFileType = sourcecode.swift; path = Model.swift; sourceTree = "<group>"; };
		DE8202F8250B64B7008537B1 /* RecentView.swift */ = {isa = PBXFileReference; lastKnownFileType = sourcecode.swift; path = RecentView.swift; sourceTree = "<group>"; };
		DE8202FA250B66E7008537B1 /* ListHeaderView.swift */ = {isa = PBXFileReference; lastKnownFileType = sourcecode.swift; path = ListHeaderView.swift; sourceTree = "<group>"; };
		DE8202FC250B6980008537B1 /* CountryDataRowView.swift */ = {isa = PBXFileReference; lastKnownFileType = sourcecode.swift; path = CountryDataRowView.swift; sourceTree = "<group>"; };
/* End PBXFileReference section */

/* Begin PBXFrameworksBuildPhase section */
		DE8202D0250A62FF008537B1 /* Frameworks */ = {
			isa = PBXFrameworksBuildPhase;
			buildActionMask = 2147483647;
			files = (
				5C87E56386FB4E0BB9C7E4E9 /* Pods_CoronaStats.framework in Frameworks */,
			);
			runOnlyForDeploymentPostprocessing = 0;
		};
/* End PBXFrameworksBuildPhase section */

/* Begin PBXGroup section */
		3BD438A6D9E8A9228E3F54A4 /* Pods */ = {
			isa = PBXGroup;
			children = (
				05318338FD0DD20BE734B7EC /* Pods-CoronaStats.debug.xcconfig */,
				729B5698237A41CB5FAB7DB1 /* Pods-CoronaStats.release.xcconfig */,
			);
			path = Pods;
			sourceTree = "<group>";
		};
		C3C34A05AA7005EF390D181F /* Frameworks */ = {
			isa = PBXGroup;
			children = (
				CC0A6B7C24C4225156F86CAD /* Pods_CoronaStats.framework */,
			);
			name = Frameworks;
			sourceTree = "<group>";
		};
		DE8202CA250A62FF008537B1 = {
			isa = PBXGroup;
			children = (
				DE8202D5250A62FF008537B1 /* CoronaStats */,
				DE8202D4250A62FF008537B1 /* Products */,
				3BD438A6D9E8A9228E3F54A4 /* Pods */,
				C3C34A05AA7005EF390D181F /* Frameworks */,
			);
			sourceTree = "<group>";
		};
		DE8202D4250A62FF008537B1 /* Products */ = {
			isa = PBXGroup;
			children = (
				DE8202D3250A62FF008537B1 /* CoronaStats.app */,
			);
			name = Products;
			sourceTree = "<group>";
		};
		DE8202D5250A62FF008537B1 /* CoronaStats */ = {
			isa = PBXGroup;
			children = (
				DE8202D6250A62FF008537B1 /* AppDelegate.swift */,
				DE8202D8250A62FF008537B1 /* SceneDelegate.swift */,
				DE8202DD250A62FF008537B1 /* ContentView.swift */,
				DE8202F8250B64B7008537B1 /* RecentView.swift */,
				DE8202FA250B66E7008537B1 /* ListHeaderView.swift */,
				DE8202FC250B6980008537B1 /* CountryDataRowView.swift */,
				DE8202F7250B649B008537B1 /* Model */,
				DE8202DF250A6303008537B1 /* Assets.xcassets */,
				DE8202E4250A6303008537B1 /* LaunchScreen.storyboard */,
				DE8202E7250A6303008537B1 /* Info.plist */,
				DE8202DA250A62FF008537B1 /* CoronaStats.xcdatamodeld */,
				DE8202E1250A6303008537B1 /* Preview Content */,
			);
			path = CoronaStats;
			sourceTree = "<group>";
		};
		DE8202E1250A6303008537B1 /* Preview Content */ = {
			isa = PBXGroup;
			children = (
				DE8202E2250A6303008537B1 /* Preview Assets.xcassets */,
			);
			path = "Preview Content";
			sourceTree = "<group>";
		};
		DE8202F7250B649B008537B1 /* Model */ = {
			isa = PBXGroup;
			children = (
				DE8202ED250A6E13008537B1 /* CovidFetchRequest.swift */,
				DE8202EF250A7B4F008537B1 /* Model.swift */,
			);
			path = Model;
			sourceTree = "<group>";
		};
/* End PBXGroup section */

/* Begin PBXNativeTarget section */
		DE8202D2250A62FF008537B1 /* CoronaStats */ = {
			isa = PBXNativeTarget;
			buildConfigurationList = DE8202EA250A6303008537B1 /* Build configuration list for PBXNativeTarget "CoronaStats" */;
			buildPhases = (
				268BEA52F82666465A10A0AE /* [CP] Check Pods Manifest.lock */,
				DE8202CF250A62FF008537B1 /* Sources */,
				DE8202D0250A62FF008537B1 /* Frameworks */,
				DE8202D1250A62FF008537B1 /* Resources */,
				664AEAB02FBF314BC77A8C96 /* [CP] Embed Pods Frameworks */,
			);
			buildRules = (
			);
			dependencies = (
			);
			name = CoronaStats;
			productName = CoronaStats;
			productReference = DE8202D3250A62FF008537B1 /* CoronaStats.app */;
			productType = "com.apple.product-type.application";
		};
/* End PBXNativeTarget section */

/* Begin PBXProject section */
		DE8202CB250A62FF008537B1 /* Project object */ = {
			isa = PBXProject;
			attributes = {
				LastSwiftUpdateCheck = 1170;
				LastUpgradeCheck = 1170;
				ORGANIZATIONNAME = "김믿음";
				TargetAttributes = {
					DE8202D2250A62FF008537B1 = {
						CreatedOnToolsVersion = 11.7;
					};
				};
			};
			buildConfigurationList = DE8202CE250A62FF008537B1 /* Build configuration list for PBXProject "CoronaStats" */;
			compatibilityVersion = "Xcode 9.3";
			developmentRegion = en;
			hasScannedForEncodings = 0;
			knownRegions = (
				en,
				Base,
			);
			mainGroup = DE8202CA250A62FF008537B1;
			productRefGroup = DE8202D4250A62FF008537B1 /* Products */;
			projectDirPath = "";
			projectRoot = "";
			targets = (
				DE8202D2250A62FF008537B1 /* CoronaStats */,
			);
		};
/* End PBXProject section */

/* Begin PBXResourcesBuildPhase section */
		DE8202D1250A62FF008537B1 /* Resources */ = {
			isa = PBXResourcesBuildPhase;
			buildActionMask = 2147483647;
			files = (
				DE8202E6250A6303008537B1 /* LaunchScreen.storyboard in Resources */,
				DE8202E3250A6303008537B1 /* Preview Assets.xcassets in Resources */,
				DE8202E0250A6303008537B1 /* Assets.xcassets in Resources */,
			);
			runOnlyForDeploymentPostprocessing = 0;
		};
/* End PBXResourcesBuildPhase section */

/* Begin PBXShellScriptBuildPhase section */
		268BEA52F82666465A10A0AE /* [CP] Check Pods Manifest.lock */ = {
			isa = PBXShellScriptBuildPhase;
			buildActionMask = 2147483647;
			files = (
			);
			inputFileListPaths = (
			);
			inputPaths = (
				"${PODS_PODFILE_DIR_PATH}/Podfile.lock",
				"${PODS_ROOT}/Manifest.lock",
			);
			name = "[CP] Check Pods Manifest.lock";
			outputFileListPaths = (
			);
			outputPaths = (
				"$(DERIVED_FILE_DIR)/Pods-CoronaStats-checkManifestLockResult.txt",
			);
			runOnlyForDeploymentPostprocessing = 0;
			shellPath = /bin/sh;
			shellScript = "diff \"${PODS_PODFILE_DIR_PATH}/Podfile.lock\" \"${PODS_ROOT}/Manifest.lock\" > /dev/null\nif [ $? != 0 ] ; then\n    # print error to STDERR\n    echo \"error: The sandbox is not in sync with the Podfile.lock. Run 'pod install' or update your CocoaPods installation.\" >&2\n    exit 1\nfi\n# This output is used by Xcode 'outputs' to avoid re-running this script phase.\necho \"SUCCESS\" > \"${SCRIPT_OUTPUT_FILE_0}\"\n";
			showEnvVarsInLog = 0;
		};
		664AEAB02FBF314BC77A8C96 /* [CP] Embed Pods Frameworks */ = {
			isa = PBXShellScriptBuildPhase;
			buildActionMask = 2147483647;
			files = (
			);
			inputFileListPaths = (
				"${PODS_ROOT}/Target Support Files/Pods-CoronaStats/Pods-CoronaStats-frameworks-${CONFIGURATION}-input-files.xcfilelist",
			);
			name = "[CP] Embed Pods Frameworks";
			outputFileListPaths = (
				"${PODS_ROOT}/Target Support Files/Pods-CoronaStats/Pods-CoronaStats-frameworks-${CONFIGURATION}-output-files.xcfilelist",
			);
			runOnlyForDeploymentPostprocessing = 0;
			shellPath = /bin/sh;
			shellScript = "\"${PODS_ROOT}/Target Support Files/Pods-CoronaStats/Pods-CoronaStats-frameworks.sh\"\n";
			showEnvVarsInLog = 0;
		};
/* End PBXShellScriptBuildPhase section */

/* Begin PBXSourcesBuildPhase section */
		DE8202CF250A62FF008537B1 /* Sources */ = {
			isa = PBXSourcesBuildPhase;
			buildActionMask = 2147483647;
			files = (
				DE8202EE250A6E13008537B1 /* CovidFetchRequest.swift in Sources */,
				DE8202DC250A62FF008537B1 /* CoronaStats.xcdatamodeld in Sources */,
				DE8202D7250A62FF008537B1 /* AppDelegate.swift in Sources */,
				DE8202F0250A7B4F008537B1 /* Model.swift in Sources */,
				DE8202DE250A62FF008537B1 /* ContentView.swift in Sources */,
				DE8202F9250B64B7008537B1 /* RecentView.swift in Sources */,
				DE8202D9250A62FF008537B1 /* SceneDelegate.swift in Sources */,
				DE8202FB250B66E7008537B1 /* ListHeaderView.swift in Sources */,
				DE8202FD250B6980008537B1 /* CountryDataRowView.swift in Sources */,
			);
			runOnlyForDeploymentPostprocessing = 0;
		};
/* End PBXSourcesBuildPhase section */

/* Begin PBXVariantGroup section */
		DE8202E4250A6303008537B1 /* LaunchScreen.storyboard */ = {
			isa = PBXVariantGroup;
			children = (
				DE8202E5250A6303008537B1 /* Base */,
			);
			name = LaunchScreen.storyboard;
			sourceTree = "<group>";
		};
/* End PBXVariantGroup section */

/* Begin XCBuildConfiguration section */
		DE8202E8250A6303008537B1 /* Debug */ = {
			isa = XCBuildConfiguration;
			buildSettings = {
				ALWAYS_SEARCH_USER_PATHS = NO;
				CLANG_ANALYZER_NONNULL = YES;
				CLANG_ANALYZER_NUMBER_OBJECT_CONVERSION = YES_AGGRESSIVE;
				CLANG_CXX_LANGUAGE_STANDARD = "gnu++14";
				CLANG_CXX_LIBRARY = "libc++";
				CLANG_ENABLE_MODULES = YES;
				CLANG_ENABLE_OBJC_ARC = YES;
				CLANG_ENABLE_OBJC_WEAK = YES;
				CLANG_WARN_BLOCK_CAPTURE_AUTORELEASING = YES;
				CLANG_WARN_BOOL_CONVERSION = YES;
				CLANG_WARN_COMMA = YES;
				CLANG_WARN_CONSTANT_CONVERSION = YES;
				CLANG_WARN_DEPRECATED_OBJC_IMPLEMENTATIONS = YES;
				CLANG_WARN_DIRECT_OBJC_ISA_USAGE = YES_ERROR;
				CLANG_WARN_DOCUMENTATION_COMMENTS = YES;
				CLANG_WARN_EMPTY_BODY = YES;
				CLANG_WARN_ENUM_CONVERSION = YES;
				CLANG_WARN_INFINITE_RECURSION = YES;
				CLANG_WARN_INT_CONVERSION = YES;
				CLANG_WARN_NON_LITERAL_NULL_CONVERSION = YES;
				CLANG_WARN_OBJC_IMPLICIT_RETAIN_SELF = YES;
				CLANG_WARN_OBJC_LITERAL_CONVERSION = YES;
				CLANG_WARN_OBJC_ROOT_CLASS = YES_ERROR;
				CLANG_WARN_RANGE_LOOP_ANALYSIS = YES;
				CLANG_WARN_STRICT_PROTOTYPES = YES;
				CLANG_WARN_SUSPICIOUS_MOVE = YES;
				CLANG_WARN_UNGUARDED_AVAILABILITY = YES_AGGRESSIVE;
				CLANG_WARN_UNREACHABLE_CODE = YES;
				CLANG_WARN__DUPLICATE_METHOD_MATCH = YES;
				COPY_PHASE_STRIP = NO;
				DEBUG_INFORMATION_FORMAT = dwarf;
				ENABLE_STRICT_OBJC_MSGSEND = YES;
				ENABLE_TESTABILITY = YES;
				GCC_C_LANGUAGE_STANDARD = gnu11;
				GCC_DYNAMIC_NO_PIC = NO;
				GCC_NO_COMMON_BLOCKS = YES;
				GCC_OPTIMIZATION_LEVEL = 0;
				GCC_PREPROCESSOR_DEFINITIONS = (
					"DEBUG=1",
					"$(inherited)",
				);
				GCC_WARN_64_TO_32_BIT_CONVERSION = YES;
				GCC_WARN_ABOUT_RETURN_TYPE = YES_ERROR;
				GCC_WARN_UNDECLARED_SELECTOR = YES;
				GCC_WARN_UNINITIALIZED_AUTOS = YES_AGGRESSIVE;
				GCC_WARN_UNUSED_FUNCTION = YES;
				GCC_WARN_UNUSED_VARIABLE = YES;
				IPHONEOS_DEPLOYMENT_TARGET = 13.7;
				MTL_ENABLE_DEBUG_INFO = INCLUDE_SOURCE;
				MTL_FAST_MATH = YES;
				ONLY_ACTIVE_ARCH = YES;
				SDKROOT = iphoneos;
				SWIFT_ACTIVE_COMPILATION_CONDITIONS = DEBUG;
				SWIFT_OPTIMIZATION_LEVEL = "-Onone";
			};
			name = Debug;
		};
		DE8202E9250A6303008537B1 /* Release */ = {
			isa = XCBuildConfiguration;
			buildSettings = {
				ALWAYS_SEARCH_USER_PATHS = NO;
				CLANG_ANALYZER_NONNULL = YES;
				CLANG_ANALYZER_NUMBER_OBJECT_CONVERSION = YES_AGGRESSIVE;
				CLANG_CXX_LANGUAGE_STANDARD = "gnu++14";
				CLANG_CXX_LIBRARY = "libc++";
				CLANG_ENABLE_MODULES = YES;
				CLANG_ENABLE_OBJC_ARC = YES;
				CLANG_ENABLE_OBJC_WEAK = YES;
				CLANG_WARN_BLOCK_CAPTURE_AUTORELEASING = YES;
				CLANG_WARN_BOOL_CONVERSION = YES;
				CLANG_WARN_COMMA = YES;
				CLANG_WARN_CONSTANT_CONVERSION = YES;
				CLANG_WARN_DEPRECATED_OBJC_IMPLEMENTATIONS = YES;
				CLANG_WARN_DIRECT_OBJC_ISA_USAGE = YES_ERROR;
				CLANG_WARN_DOCUMENTATION_COMMENTS = YES;
				CLANG_WARN_EMPTY_BODY = YES;
				CLANG_WARN_ENUM_CONVERSION = YES;
				CLANG_WARN_INFINITE_RECURSION = YES;
				CLANG_WARN_INT_CONVERSION = YES;
				CLANG_WARN_NON_LITERAL_NULL_CONVERSION = YES;
				CLANG_WARN_OBJC_IMPLICIT_RETAIN_SELF = YES;
				CLANG_WARN_OBJC_LITERAL_CONVERSION = YES;
				CLANG_WARN_OBJC_ROOT_CLASS = YES_ERROR;
				CLANG_WARN_RANGE_LOOP_ANALYSIS = YES;
				CLANG_WARN_STRICT_PROTOTYPES = YES;
				CLANG_WARN_SUSPICIOUS_MOVE = YES;
				CLANG_WARN_UNGUARDED_AVAILABILITY = YES_AGGRESSIVE;
				CLANG_WARN_UNREACHABLE_CODE = YES;
				CLANG_WARN__DUPLICATE_METHOD_MATCH = YES;
				COPY_PHASE_STRIP = NO;
				DEBUG_INFORMATION_FORMAT = "dwarf-with-dsym";
				ENABLE_NS_ASSERTIONS = NO;
				ENABLE_STRICT_OBJC_MSGSEND = YES;
				GCC_C_LANGUAGE_STANDARD = gnu11;
				GCC_NO_COMMON_BLOCKS = YES;
				GCC_WARN_64_TO_32_BIT_CONVERSION = YES;
				GCC_WARN_ABOUT_RETURN_TYPE = YES_ERROR;
				GCC_WARN_UNDECLARED_SELECTOR = YES;
				GCC_WARN_UNINITIALIZED_AUTOS = YES_AGGRESSIVE;
				GCC_WARN_UNUSED_FUNCTION = YES;
				GCC_WARN_UNUSED_VARIABLE = YES;
				IPHONEOS_DEPLOYMENT_TARGET = 13.7;
				MTL_ENABLE_DEBUG_INFO = NO;
				MTL_FAST_MATH = YES;
				SDKROOT = iphoneos;
				SWIFT_COMPILATION_MODE = wholemodule;
				SWIFT_OPTIMIZATION_LEVEL = "-O";
				VALIDATE_PRODUCT = YES;
			};
			name = Release;
		};
		DE8202EB250A6303008537B1 /* Debug */ = {
			isa = XCBuildConfiguration;
			baseConfigurationReference = 05318338FD0DD20BE734B7EC /* Pods-CoronaStats.debug.xcconfig */;
			buildSettings = {
				ASSETCATALOG_COMPILER_APPICON_NAME = AppIcon;
				CODE_SIGN_STYLE = Automatic;
				DEVELOPMENT_ASSET_PATHS = "\"CoronaStats/Preview Content\"";
				DEVELOPMENT_TEAM = B974W3SGZC;
				ENABLE_PREVIEWS = YES;
				INFOPLIST_FILE = CoronaStats/Info.plist;
				LD_RUNPATH_SEARCH_PATHS = (
					"$(inherited)",
					"@executable_path/Frameworks",
				);
				PRODUCT_BUNDLE_IDENTIFIER = kr.example.midum.CoronaStats;
				PRODUCT_NAME = "$(TARGET_NAME)";
				SWIFT_VERSION = 5.0;
				TARGETED_DEVICE_FAMILY = "1,2";
			};
			name = Debug;
		};
		DE8202EC250A6303008537B1 /* Release */ = {
			isa = XCBuildConfiguration;
			baseConfigurationReference = 729B5698237A41CB5FAB7DB1 /* Pods-CoronaStats.release.xcconfig */;
			buildSettings = {
				ASSETCATALOG_COMPILER_APPICON_NAME = AppIcon;
				CODE_SIGN_STYLE = Automatic;
				DEVELOPMENT_ASSET_PATHS = "\"CoronaStats/Preview Content\"";
				DEVELOPMENT_TEAM = B974W3SGZC;
				ENABLE_PREVIEWS = YES;
				INFOPLIST_FILE = CoronaStats/Info.plist;
				LD_RUNPATH_SEARCH_PATHS = (
					"$(inherited)",
					"@executable_path/Frameworks",
				);
				PRODUCT_BUNDLE_IDENTIFIER = kr.example.midum.CoronaStats;
				PRODUCT_NAME = "$(TARGET_NAME)";
				SWIFT_VERSION = 5.0;
				TARGETED_DEVICE_FAMILY = "1,2";
			};
			name = Release;
		};
/* End XCBuildConfiguration section */

/* Begin XCConfigurationList section */
		DE8202CE250A62FF008537B1 /* Build configuration list for PBXProject "CoronaStats" */ = {
			isa = XCConfigurationList;
			buildConfigurations = (
				DE8202E8250A6303008537B1 /* Debug */,
				DE8202E9250A6303008537B1 /* Release */,
			);
			defaultConfigurationIsVisible = 0;
			defaultConfigurationName = Release;
		};
		DE8202EA250A6303008537B1 /* Build configuration list for PBXNativeTarget "CoronaStats" */ = {
			isa = XCConfigurationList;
			buildConfigurations = (
				DE8202EB250A6303008537B1 /* Debug */,
				DE8202EC250A6303008537B1 /* Release */,
			);
			defaultConfigurationIsVisible = 0;
			defaultConfigurationName = Release;
		};
/* End XCConfigurationList section */

/* Begin XCVersionGroup section */
		DE8202DA250A62FF008537B1 /* CoronaStats.xcdatamodeld */ = {
			isa = XCVersionGroup;
			children = (
				DE8202DB250A62FF008537B1 /* CoronaStats.xcdatamodel */,
			);
			currentVersion = DE8202DB250A62FF008537B1 /* CoronaStats.xcdatamodel */;
			path = CoronaStats.xcdatamodeld;
			sourceTree = "<group>";
			versionGroupType = wrapper.xcdatamodel;
		};
/* End XCVersionGroup section */
	};
	rootObject = DE8202CB250A62FF008537B1 /* Project object */;
}
